
Microsoft Visual Studio Solution File, Format Version 12.00
# Visual Studio Version 16
VisualStudioVersion = 16.0.30621.155
MinimumVisualStudioVersion = 10.0.40219.1
Project("{888888A0-9F3D-457C-B088-3A5042F75D52}") = "BlackJack Game", "BlackJack Game\BlackJack Game.pyproj", "{40DF0457-0B43-4DAF-9B77-D8F98D79910D}"
EndProject
Global
	GlobalSection(SolutionConfigurationPlatforms) = preSolution
		Debug|Any CPU = Debug|Any CPU
		Release|Any CPU = Release|Any CPU
	EndGlobalSection
	GlobalSection(ProjectConfigurationPlatforms) = postSolution
		{40DF0457-0B43-4DAF-9B77-D8F98D79910D}.Debug|Any CPU.ActiveCfg = Debug|Any CPU
		{40DF0457-0B43-4DAF-9B77-D8F98D79910D}.Release|Any CPU.ActiveCfg = Release|Any CPU
	EndGlobalSection
	GlobalSection(SolutionProperties) = preSolution
		HideSolutionNode = FALSE
	EndGlobalSection
	GlobalSection(ExtensibilityGlobals) = postSolution
		SolutionGuid = {055138EF-68B2-41B9-8CBD-69B25EABDDCB}
	EndGlobalSection
EndGlobal
